// !$*UTF8*$!
{
	archiveVersion = 1;
	classes = {
	};
	objectVersion = 50;
	objects = {

/* Begin PBXBuildFile section */
		AE34A08D21D3D60B00FD993A /* wrong_sounds in Resources */ = {isa = PBXBuildFile; fileRef = AE34A08C21D3D60B00FD993A /* wrong_sounds */; };
		AE34A08F21D3D61200FD993A /* correct_sounds in Resources */ = {isa = PBXBuildFile; fileRef = AE34A08E21D3D61200FD993A /* correct_sounds */; };
		AE7500DF2543419000FB5F55 /* Localizable.strings in Resources */ = {isa = PBXBuildFile; fileRef = AE7500E12543419000FB5F55 /* Localizable.strings */; };
		AEE3D24120C105C0004101E3 /* AppDelegate.swift in Sources */ = {isa = PBXBuildFile; fileRef = AEE3D24020C105C0004101E3 /* AppDelegate.swift */; };
		AEE3D24320C105C0004101E3 /* ViewController.swift in Sources */ = {isa = PBXBuildFile; fileRef = AEE3D24220C105C0004101E3 /* ViewController.swift */; };
		AEE3D24620C105C0004101E3 /* Main.storyboard in Resources */ = {isa = PBXBuildFile; fileRef = AEE3D24420C105C0004101E3 /* Main.storyboard */; };
		AEE3D24820C105C3004101E3 /* Assets.xcassets in Resources */ = {isa = PBXBuildFile; fileRef = AEE3D24720C105C3004101E3 /* Assets.xcassets */; };
		AEE3D24B20C105C3004101E3 /* LaunchScreen.storyboard in Resources */ = {isa = PBXBuildFile; fileRef = AEE3D24920C105C3004101E3 /* LaunchScreen.storyboard */; };
		AEE3D25320C109A9004101E3 /* images in Resources */ = {isa = PBXBuildFile; fileRef = AEE3D25220C109A9004101E3 /* images */; };
/* End PBXBuildFile section */

/* Begin PBXFileReference section */
		AE34A08C21D3D60B00FD993A /* wrong_sounds */ = {isa = PBXFileReference; lastKnownFileType = folder; path = wrong_sounds; sourceTree = "<group>"; };
		AE34A08E21D3D61200FD993A /* correct_sounds */ = {isa = PBXFileReference; lastKnownFileType = folder; path = correct_sounds; sourceTree = "<group>"; };
		AE5781D524A86B4400348FD5 /* GuessImage.entitlements */ = {isa = PBXFileReference; lastKnownFileType = text.plist.entitlements; path = GuessImage.entitlements; sourceTree = "<group>"; };
		AE7500DA2543410F00FB5F55 /* sv */ = {isa = PBXFileReference; lastKnownFileType = text.plist.strings; name = sv; path = sv.lproj/Main.strings; sourceTree = "<group>"; };
		AE7500DB2543410F00FB5F55 /* sv */ = {isa = PBXFileReference; lastKnownFileType = text.plist.strings; name = sv; path = sv.lproj/LaunchScreen.strings; sourceTree = "<group>"; };
		AE7500E02543419000FB5F55 /* sv */ = {isa = PBXFileReference; lastKnownFileType = text.plist.strings; name = sv; path = sv.lproj/Localizable.strings; sourceTree = "<group>"; };
		AEE3D23D20C105C0004101E3 /* GuessImage.app */ = {isa = PBXFileReference; explicitFileType = wrapper.application; includeInIndex = 0; path = GuessImage.app; sourceTree = BUILT_PRODUCTS_DIR; };
		AEE3D24020C105C0004101E3 /* AppDelegate.swift */ = {isa = PBXFileReference; lastKnownFileType = sourcecode.swift; path = AppDelegate.swift; sourceTree = "<group>"; };
		AEE3D24220C105C0004101E3 /* ViewController.swift */ = {isa = PBXFileReference; lastKnownFileType = sourcecode.swift; path = ViewController.swift; sourceTree = "<group>"; };
		AEE3D24520C105C0004101E3 /* Base */ = {isa = PBXFileReference; lastKnownFileType = file.storyboard; name = Base; path = Base.lproj/Main.storyboard; sourceTree = "<group>"; };
		AEE3D24720C105C3004101E3 /* Assets.xcassets */ = {isa = PBXFileReference; lastKnownFileType = folder.assetcatalog; path = Assets.xcassets; sourceTree = "<group>"; };
		AEE3D24A20C105C3004101E3 /* Base */ = {isa = PBXFileReference; lastKnownFileType = file.storyboard; name = Base; path = Base.lproj/LaunchScreen.storyboard; sourceTree = "<group>"; };
		AEE3D24C20C105C3004101E3 /* Info.plist */ = {isa = PBXFileReference; lastKnownFileType = text.plist.xml; path = Info.plist; sourceTree = "<group>"; };
		AEE3D25220C109A9004101E3 /* images */ = {isa = PBXFileReference; lastKnownFileType = folder; path = images; sourceTree = "<group>"; };
/* End PBXFileReference section */

/* Begin PBXFrameworksBuildPhase section */
		AEE3D23A20C105C0004101E3 /* Frameworks */ = {
			isa = PBXFrameworksBuildPhase;
			buildActionMask = 2147483647;
			files = (
			);
			runOnlyForDeploymentPostprocessing = 0;
		};
/* End PBXFrameworksBuildPhase section */

/* Begin PBXGroup section */
		AEE3D23420C105C0004101E3 = {
			isa = PBXGroup;
			children = (
				AEE3D23F20C105C0004101E3 /* GuessImage */,
				AEE3D23E20C105C0004101E3 /* Products */,
			);
			sourceTree = "<group>";
		};
		AEE3D23E20C105C0004101E3 /* Products */ = {
			isa = PBXGroup;
			children = (
				AEE3D23D20C105C0004101E3 /* GuessImage.app */,
			);
			name = Products;
			sourceTree = "<group>";
		};
		AEE3D23F20C105C0004101E3 /* GuessImage */ = {
			isa = PBXGroup;
			children = (
				AE7500E12543419000FB5F55 /* Localizable.strings */,
				AE5781D524A86B4400348FD5 /* GuessImage.entitlements */,
				AEE3D24020C105C0004101E3 /* AppDelegate.swift */,
				AEE3D24220C105C0004101E3 /* ViewController.swift */,
				AEE3D24420C105C0004101E3 /* Main.storyboard */,
				AEE3D24720C105C3004101E3 /* Assets.xcassets */,
				AEE3D24920C105C3004101E3 /* LaunchScreen.storyboard */,
				AEE3D24C20C105C3004101E3 /* Info.plist */,
				AE34A08E21D3D61200FD993A /* correct_sounds */,
				AE34A08C21D3D60B00FD993A /* wrong_sounds */,
				AEE3D25220C109A9004101E3 /* images */,
			);
			path = GuessImage;
			sourceTree = "<group>";
		};
/* End PBXGroup section */

/* Begin PBXNativeTarget section */
		AEE3D23C20C105C0004101E3 /* GuessImage */ = {
			isa = PBXNativeTarget;
			buildConfigurationList = AEE3D24F20C105C3004101E3 /* Build configuration list for PBXNativeTarget "GuessImage" */;
			buildPhases = (
				AEE3D23920C105C0004101E3 /* Sources */,
				AEE3D23A20C105C0004101E3 /* Frameworks */,
				AEE3D23B20C105C0004101E3 /* Resources */,
			);
			buildRules = (
			);
			dependencies = (
			);
			name = GuessImage;
			productName = GuessImage;
			productReference = AEE3D23D20C105C0004101E3 /* GuessImage.app */;
			productType = "com.apple.product-type.application";
		};
/* End PBXNativeTarget section */

/* Begin PBXProject section */
		AEE3D23520C105C0004101E3 /* Project object */ = {
			isa = PBXProject;
			attributes = {
				LastSwiftUpdateCheck = 0940;
				LastUpgradeCheck = 0940;
				ORGANIZATIONNAME = "Anders Hovmöller";
				TargetAttributes = {
					AEE3D23C20C105C0004101E3 = {
						CreatedOnToolsVersion = 9.4;
						LastSwiftMigration = 1010;
					};
				};
			};
			buildConfigurationList = AEE3D23820C105C0004101E3 /* Build configuration list for PBXProject "GuessImage" */;
			compatibilityVersion = "Xcode 9.3";
			developmentRegion = en;
			hasScannedForEncodings = 0;
			knownRegions = (
				en,
				Base,
				sv,
			);
			mainGroup = AEE3D23420C105C0004101E3;
			productRefGroup = AEE3D23E20C105C0004101E3 /* Products */;
			projectDirPath = "";
			projectRoot = "";
			targets = (
				AEE3D23C20C105C0004101E3 /* GuessImage */,
			);
		};
/* End PBXProject section */

/* Begin PBXResourcesBuildPhase section */
		AEE3D23B20C105C0004101E3 /* Resources */ = {
			isa = PBXResourcesBuildPhase;
			buildActionMask = 2147483647;
			files = (
				AEE3D25320C109A9004101E3 /* images in Resources */,
				AE34A08F21D3D61200FD993A /* correct_sounds in Resources */,
				AEE3D24B20C105C3004101E3 /* LaunchScreen.storyboard in Resources */,
				AE7500DF2543419000FB5F55 /* Localizable.strings in Resources */,
				AEE3D24820C105C3004101E3 /* Assets.xcassets in Resources */,
				AEE3D24620C105C0004101E3 /* Main.storyboard in Resources */,
				AE34A08D21D3D60B00FD993A /* wrong_sounds in Resources */,
			);
			runOnlyForDeploymentPostprocessing = 0;
		};
/* End PBXResourcesBuildPhase section */

/* Begin PBXSourcesBuildPhase section */
		AEE3D23920C105C0004101E3 /* Sources */ = {
			isa = PBXSourcesBuildPhase;
			buildActionMask = 2147483647;
			files = (
				AEE3D24320C105C0004101E3 /* ViewController.swift in Sources */,
				AEE3D24120C105C0004101E3 /* AppDelegate.swift in Sources */,
			);
			runOnlyForDeploymentPostprocessing = 0;
		};
/* End PBXSourcesBuildPhase section */

/* Begin PBXVariantGroup section */
		AE7500E12543419000FB5F55 /* Localizable.strings */ = {
			isa = PBXVariantGroup;
			children = (
				AE7500E02543419000FB5F55 /* sv */,
			);
			name = Localizable.strings;
			sourceTree = "<group>";
		};
		AEE3D24420C105C0004101E3 /* Main.storyboard */ = {
			isa = PBXVariantGroup;
			children = (
				AEE3D24520C105C0004101E3 /* Base */,
				AE7500DA2543410F00FB5F55 /* sv */,
			);
			name = Main.storyboard;
			sourceTree = "<group>";
		};
		AEE3D24920C105C3004101E3 /* LaunchScreen.storyboard */ = {
			isa = PBXVariantGroup;
			children = (
				AEE3D24A20C105C3004101E3 /* Base */,
				AE7500DB2543410F00FB5F55 /* sv */,
			);
			name = LaunchScreen.storyboard;
			sourceTree = "<group>";
		};
/* End PBXVariantGroup section */

/* Begin XCBuildConfiguration section */
		AEE3D24D20C105C3004101E3 /* Debug */ = {
			isa = XCBuildConfiguration;
			buildSettings = {
				ALWAYS_SEARCH_USER_PATHS = NO;
				CLANG_ANALYZER_LOCALIZABILITY_NONLOCALIZED = YES;
				CLANG_ANALYZER_NONNULL = YES;
				CLANG_ANALYZER_NUMBER_OBJECT_CONVERSION = YES_AGGRESSIVE;
				CLANG_CXX_LANGUAGE_STANDARD = "gnu++14";
				CLANG_CXX_LIBRARY = "libc++";
				CLANG_ENABLE_MODULES = YES;
				CLANG_ENABLE_OBJC_ARC = YES;
				CLANG_ENABLE_OBJC_WEAK = YES;
				CLANG_WARN_BLOCK_CAPTURE_AUTORELEASING = YES;
				CLANG_WARN_BOOL_CONVERSION = YES;
				CLANG_WARN_COMMA = YES;
				CLANG_WARN_CONSTANT_CONVERSION = YES;
				CLANG_WARN_DEPRECATED_OBJC_IMPLEMENTATIONS = YES;
				CLANG_WARN_DIRECT_OBJC_ISA_USAGE = YES_ERROR;
				CLANG_WARN_DOCUMENTATION_COMMENTS = YES;
				CLANG_WARN_EMPTY_BODY = YES;
				CLANG_WARN_ENUM_CONVERSION = YES;
				CLANG_WARN_INFINITE_RECURSION = YES;
				CLANG_WARN_INT_CONVERSION = YES;
				CLANG_WARN_NON_LITERAL_NULL_CONVERSION = YES;
				CLANG_WARN_OBJC_IMPLICIT_RETAIN_SELF = YES;
				CLANG_WARN_OBJC_LITERAL_CONVERSION = YES;
				CLANG_WARN_OBJC_ROOT_CLASS = YES_ERROR;
				CLANG_WARN_RANGE_LOOP_ANALYSIS = YES;
				CLANG_WARN_STRICT_PROTOTYPES = YES;
				CLANG_WARN_SUSPICIOUS_MOVE = YES;
				CLANG_WARN_UNGUARDED_AVAILABILITY = YES_AGGRESSIVE;
				CLANG_WARN_UNREACHABLE_CODE = YES;
				CLANG_WARN__DUPLICATE_METHOD_MATCH = YES;
				CODE_SIGN_IDENTITY = "iPhone Developer";
				COPY_PHASE_STRIP = NO;
				DEBUG_INFORMATION_FORMAT = dwarf;
				ENABLE_STRICT_OBJC_MSGSEND = YES;
				ENABLE_TESTABILITY = YES;
				GCC_C_LANGUAGE_STANDARD = gnu11;
				GCC_DYNAMIC_NO_PIC = NO;
				GCC_NO_COMMON_BLOCKS = YES;
				GCC_OPTIMIZATION_LEVEL = 0;
				GCC_PREPROCESSOR_DEFINITIONS = (
					"DEBUG=1",
					"$(inherited)",
				);
				GCC_WARN_64_TO_32_BIT_CONVERSION = YES;
				GCC_WARN_ABOUT_RETURN_TYPE = YES_ERROR;
				GCC_WARN_UNDECLARED_SELECTOR = YES;
				GCC_WARN_UNINITIALIZED_AUTOS = YES_AGGRESSIVE;
				GCC_WARN_UNUSED_FUNCTION = YES;
				GCC_WARN_UNUSED_VARIABLE = YES;
				IPHONEOS_DEPLOYMENT_TARGET = 11.4;
				MTL_ENABLE_DEBUG_INFO = YES;
				ONLY_ACTIVE_ARCH = YES;
				SDKROOT = iphoneos;
				SWIFT_ACTIVE_COMPILATION_CONDITIONS = DEBUG;
				SWIFT_OPTIMIZATION_LEVEL = "-Onone";
			};
			name = Debug;
		};
		AEE3D24E20C105C3004101E3 /* Release */ = {
			isa = XCBuildConfiguration;
			buildSettings = {
				ALWAYS_SEARCH_USER_PATHS = NO;
				CLANG_ANALYZER_LOCALIZABILITY_NONLOCALIZED = YES;
				CLANG_ANALYZER_NONNULL = YES;
				CLANG_ANALYZER_NUMBER_OBJECT_CONVERSION = YES_AGGRESSIVE;
				CLANG_CXX_LANGUAGE_STANDARD = "gnu++14";
				CLANG_CXX_LIBRARY = "libc++";
				CLANG_ENABLE_MODULES = YES;
				CLANG_ENABLE_OBJC_ARC = YES;
				CLANG_ENABLE_OBJC_WEAK = YES;
				CLANG_WARN_BLOCK_CAPTURE_AUTORELEASING = YES;
				CLANG_WARN_BOOL_CONVERSION = YES;
				CLANG_WARN_COMMA = YES;
				CLANG_WARN_CONSTANT_CONVERSION = YES;
				CLANG_WARN_DEPRECATED_OBJC_IMPLEMENTATIONS = YES;
				CLANG_WARN_DIRECT_OBJC_ISA_USAGE = YES_ERROR;
				CLANG_WARN_DOCUMENTATION_COMMENTS = YES;
				CLANG_WARN_EMPTY_BODY = YES;
				CLANG_WARN_ENUM_CONVERSION = YES;
				CLANG_WARN_INFINITE_RECURSION = YES;
				CLANG_WARN_INT_CONVERSION = YES;
				CLANG_WARN_NON_LITERAL_NULL_CONVERSION = YES;
				CLANG_WARN_OBJC_IMPLICIT_RETAIN_SELF = YES;
				CLANG_WARN_OBJC_LITERAL_CONVERSION = YES;
				CLANG_WARN_OBJC_ROOT_CLASS = YES_ERROR;
				CLANG_WARN_RANGE_LOOP_ANALYSIS = YES;
				CLANG_WARN_STRICT_PROTOTYPES = YES;
				CLANG_WARN_SUSPICIOUS_MOVE = YES;
				CLANG_WARN_UNGUARDED_AVAILABILITY = YES_AGGRESSIVE;
				CLANG_WARN_UNREACHABLE_CODE = YES;
				CLANG_WARN__DUPLICATE_METHOD_MATCH = YES;
				CODE_SIGN_IDENTITY = "iPhone Developer";
				COPY_PHASE_STRIP = NO;
				DEBUG_INFORMATION_FORMAT = "dwarf-with-dsym";
				ENABLE_NS_ASSERTIONS = NO;
				ENABLE_STRICT_OBJC_MSGSEND = YES;
				GCC_C_LANGUAGE_STANDARD = gnu11;
				GCC_NO_COMMON_BLOCKS = YES;
				GCC_WARN_64_TO_32_BIT_CONVERSION = YES;
				GCC_WARN_ABOUT_RETURN_TYPE = YES_ERROR;
				GCC_WARN_UNDECLARED_SELECTOR = YES;
				GCC_WARN_UNINITIALIZED_AUTOS = YES_AGGRESSIVE;
				GCC_WARN_UNUSED_FUNCTION = YES;
				GCC_WARN_UNUSED_VARIABLE = YES;
				IPHONEOS_DEPLOYMENT_TARGET = 11.4;
				MTL_ENABLE_DEBUG_INFO = NO;
				SDKROOT = iphoneos;
				SWIFT_COMPILATION_MODE = wholemodule;
				SWIFT_OPTIMIZATION_LEVEL = "-O";
				VALIDATE_PRODUCT = YES;
			};
			name = Release;
		};
		AEE3D25020C105C3004101E3 /* Debug */ = {
			isa = XCBuildConfiguration;
			buildSettings = {
				ASSETCATALOG_COMPILER_APPICON_NAME = AppIcon;
				CODE_SIGN_ENTITLEMENTS = GuessImage/GuessImage.entitlements;
				CODE_SIGN_STYLE = Automatic;
				DEVELOPMENT_TEAM = B6FVY827P9;
				INFOPLIST_FILE = GuessImage/Info.plist;
				IPHONEOS_DEPLOYMENT_TARGET = 14.0;
				LD_RUNPATH_SEARCH_PATHS = (
					"$(inherited)",
					"@executable_path/Frameworks",
				);
				PRODUCT_BUNDLE_IDENTIFIER = net.kodare.GuessImage;
				PRODUCT_NAME = "$(TARGET_NAME)";
				SUPPORTS_MACCATALYST = YES;
				SWIFT_VERSION = 4.2;
				TARGETED_DEVICE_FAMILY = 2;
			};
			name = Debug;
		};
		AEE3D25120C105C3004101E3 /* Release */ = {
			isa = XCBuildConfiguration;
			buildSettings = {
				ASSETCATALOG_COMPILER_APPICON_NAME = AppIcon;
				CODE_SIGN_ENTITLEMENTS = GuessImage/GuessImage.entitlements;
				CODE_SIGN_STYLE = Automatic;
				DEVELOPMENT_TEAM = B6FVY827P9;
				INFOPLIST_FILE = GuessImage/Info.plist;
				IPHONEOS_DEPLOYMENT_TARGET = 14.0;
				LD_RUNPATH_SEARCH_PATHS = (
					"$(inherited)",
					"@executable_path/Frameworks",
				);
				PRODUCT_BUNDLE_IDENTIFIER = net.kodare.GuessImage;
				PRODUCT_NAME = "$(TARGET_NAME)";
				SUPPORTS_MACCATALYST = YES;
				SWIFT_VERSION = 4.2;
				TARGETED_DEVICE_FAMILY = 2;
			};
			name = Release;
		};
/* End XCBuildConfiguration section */

/* Begin XCConfigurationList section */
		AEE3D23820C105C0004101E3 /* Build configuration list for PBXProject "GuessImage" */ = {
			isa = XCConfigurationList;
			buildConfigurations = (
				AEE3D24D20C105C3004101E3 /* Debug */,
				AEE3D24E20C105C3004101E3 /* Release */,
			);
			defaultConfigurationIsVisible = 0;
			defaultConfigurationName = Release;
		};
		AEE3D24F20C105C3004101E3 /* Build configuration list for PBXNativeTarget "GuessImage" */ = {
			isa = XCConfigurationList;
			buildConfigurations = (
				AEE3D25020C105C3004101E3 /* Debug */,
				AEE3D25120C105C3004101E3 /* Release */,
			);
			defaultConfigurationIsVisible = 0;
			defaultConfigurationName = Release;
		};
/* End XCConfigurationList section */
	};
	rootObject = AEE3D23520C105C0004101E3 /* Project object */;
}
